
Microsoft Visual Studio Solution File, Format Version 12.00
# Visual Studio 15
VisualStudioVersion = 15.0.28306.52
MinimumVisualStudioVersion = 10.0.40219.1
Project("{FAE04EC0-301F-11D3-BF4B-00C04F79EFBC}") = "WebCopy", "WebCopy\WebCopy.csproj", "{FA47C318-6F03-485D-A539-D42B0EB7A649}"
EndProject
Project("{FAE04EC0-301F-11D3-BF4B-00C04F79EFBC}") = "WebCopyService", "WebCopyService\WebCopyService.csproj", "{7F2EAC43-0B39-4E94-BE95-09E520B76AAF}"
EndProject
Project("{FAE04EC0-301F-11D3-BF4B-00C04F79EFBC}") = "WebCopyApp", "WebCopyApp\WebCopyApp.csproj", "{1AB5B95E-0FC3-4A6B-8102-C86FA81CBEA4}"
EndProject
Global
	GlobalSection(SolutionConfigurationPlatforms) = preSolution
		Debug|Any CPU = Debug|Any CPU
		Release|Any CPU = Release|Any CPU
	EndGlobalSection
	GlobalSection(ProjectConfigurationPlatforms) = postSolution
		{FA47C318-6F03-485D-A539-D42B0EB7A649}.Debug|Any CPU.ActiveCfg = Debug|Any CPU
		{FA47C318-6F03-485D-A539-D42B0EB7A649}.Debug|Any CPU.Build.0 = Debug|Any CPU
		{FA47C318-6F03-485D-A539-D42B0EB7A649}.Release|Any CPU.ActiveCfg = Release|Any CPU
		{FA47C318-6F03-485D-A539-D42B0EB7A649}.Release|Any CPU.Build.0 = Release|Any CPU
		{7F2EAC43-0B39-4E94-BE95-09E520B76AAF}.Debug|Any CPU.ActiveCfg = Debug|Any CPU
		{7F2EAC43-0B39-4E94-BE95-09E520B76AAF}.Debug|Any CPU.Build.0 = Debug|Any CPU
		{7F2EAC43-0B39-4E94-BE95-09E520B76AAF}.Release|Any CPU.ActiveCfg = Release|Any CPU
		{7F2EAC43-0B39-4E94-BE95-09E520B76AAF}.Release|Any CPU.Build.0 = Release|Any CPU
		{1AB5B95E-0FC3-4A6B-8102-C86FA81CBEA4}.Debug|Any CPU.ActiveCfg = Debug|Any CPU
		{1AB5B95E-0FC3-4A6B-8102-C86FA81CBEA4}.Debug|Any CPU.Build.0 = Debug|Any CPU
		{1AB5B95E-0FC3-4A6B-8102-C86FA81CBEA4}.Release|Any CPU.ActiveCfg = Release|Any CPU
		{1AB5B95E-0FC3-4A6B-8102-C86FA81CBEA4}.Release|Any CPU.Build.0 = Release|Any CPU
	EndGlobalSection
	GlobalSection(SolutionProperties) = preSolution
		HideSolutionNode = FALSE
	EndGlobalSection
	GlobalSection(ExtensibilityGlobals) = postSolution
		SolutionGuid = {99CABC12-79FE-42D3-B5B9-DDCBB82ABEBD}
	EndGlobalSection
EndGlobal
